// !$*UTF8*$!
{
	archiveVersion = 1;
	classes = {
	};
	objectVersion = 50;
	objects = {

/* Begin PBXBuildFile section */
		80D24D1C22BA54DF0080D58A /* AppDelegate.swift in Sources */ = {isa = PBXBuildFile; fileRef = 80D24D1B22BA54DF0080D58A /* AppDelegate.swift */; };
		80D24D2322BA54E30080D58A /* Assets.xcassets in Resources */ = {isa = PBXBuildFile; fileRef = 80D24D2222BA54E30080D58A /* Assets.xcassets */; };
		80D24D2622BA54E30080D58A /* LaunchScreen.storyboard in Resources */ = {isa = PBXBuildFile; fileRef = 80D24D2422BA54E30080D58A /* LaunchScreen.storyboard */; };
		80D24D2E22BA5B510080D58A /* Main.storyboard in Resources */ = {isa = PBXBuildFile; fileRef = 80D24D2D22BA5B510080D58A /* Main.storyboard */; };
		80D24D3022BA5D050080D58A /* AlbumListTableViewController.swift in Sources */ = {isa = PBXBuildFile; fileRef = 80D24D2F22BA5D050080D58A /* AlbumListTableViewController.swift */; };
		80D24D3322BA5D260080D58A /* Photos.framework in Frameworks */ = {isa = PBXBuildFile; fileRef = 80D24D3222BA5D260080D58A /* Photos.framework */; };
		80D24D3522BA5D940080D58A /* AssetGridViewController.swift in Sources */ = {isa = PBXBuildFile; fileRef = 80D24D3422BA5D940080D58A /* AssetGridViewController.swift */; };
		80D24D3822BA5DB90080D58A /* AssetViewController.swift in Sources */ = {isa = PBXBuildFile; fileRef = 80D24D3622BA5DB90080D58A /* AssetViewController.swift */; };
		80D24D3922BA5DB90080D58A /* GridViewCell.swift in Sources */ = {isa = PBXBuildFile; fileRef = 80D24D3722BA5DB90080D58A /* GridViewCell.swift */; };
		80D24D3F22BA77CD0080D58A /* tickMark.png in Resources */ = {isa = PBXBuildFile; fileRef = 80D24D3E22BA77CD0080D58A /* tickMark.png */; };
/* End PBXBuildFile section */

/* Begin PBXFileReference section */
		80D24D1822BA54DF0080D58A /* MultiImagePicker.app */ = {isa = PBXFileReference; explicitFileType = wrapper.application; includeInIndex = 0; path = MultiImagePicker.app; sourceTree = BUILT_PRODUCTS_DIR; };
		80D24D1B22BA54DF0080D58A /* AppDelegate.swift */ = {isa = PBXFileReference; lastKnownFileType = sourcecode.swift; path = AppDelegate.swift; sourceTree = "<group>"; };
		80D24D2222BA54E30080D58A /* Assets.xcassets */ = {isa = PBXFileReference; lastKnownFileType = folder.assetcatalog; path = Assets.xcassets; sourceTree = "<group>"; };
		80D24D2522BA54E30080D58A /* Base */ = {isa = PBXFileReference; lastKnownFileType = file.storyboard; name = Base; path = Base.lproj/LaunchScreen.storyboard; sourceTree = "<group>"; };
		80D24D2722BA54E30080D58A /* Info.plist */ = {isa = PBXFileReference; lastKnownFileType = text.plist.xml; path = Info.plist; sourceTree = "<group>"; };
		80D24D2D22BA5B510080D58A /* Main.storyboard */ = {isa = PBXFileReference; fileEncoding = 4; lastKnownFileType = file.storyboard; path = Main.storyboard; sourceTree = "<group>"; };
		80D24D2F22BA5D050080D58A /* AlbumListTableViewController.swift */ = {isa = PBXFileReference; lastKnownFileType = sourcecode.swift; path = AlbumListTableViewController.swift; sourceTree = "<group>"; };
		80D24D3222BA5D260080D58A /* Photos.framework */ = {isa = PBXFileReference; lastKnownFileType = wrapper.framework; name = Photos.framework; path = System/Library/Frameworks/Photos.framework; sourceTree = SDKROOT; };
		80D24D3422BA5D940080D58A /* AssetGridViewController.swift */ = {isa = PBXFileReference; fileEncoding = 4; lastKnownFileType = sourcecode.swift; path = AssetGridViewController.swift; sourceTree = "<group>"; };
		80D24D3622BA5DB90080D58A /* AssetViewController.swift */ = {isa = PBXFileReference; fileEncoding = 4; lastKnownFileType = sourcecode.swift; path = AssetViewController.swift; sourceTree = "<group>"; };
		80D24D3722BA5DB90080D58A /* GridViewCell.swift */ = {isa = PBXFileReference; fileEncoding = 4; lastKnownFileType = sourcecode.swift; path = GridViewCell.swift; sourceTree = "<group>"; };
		80D24D3E22BA77CD0080D58A /* tickMark.png */ = {isa = PBXFileReference; lastKnownFileType = image.png; path = tickMark.png; sourceTree = "<group>"; };
/* End PBXFileReference section */

/* Begin PBXFrameworksBuildPhase section */
		80D24D1522BA54DF0080D58A /* Frameworks */ = {
			isa = PBXFrameworksBuildPhase;
			buildActionMask = 2147483647;
			files = (
				80D24D3322BA5D260080D58A /* Photos.framework in Frameworks */,
			);
			runOnlyForDeploymentPostprocessing = 0;
		};
/* End PBXFrameworksBuildPhase section */

/* Begin PBXGroup section */
		80D24D0F22BA54DF0080D58A = {
			isa = PBXGroup;
			children = (
				80D24D1A22BA54DF0080D58A /* MultiImagePicker */,
				80D24D1922BA54DF0080D58A /* Products */,
				80D24D3122BA5D260080D58A /* Frameworks */,
			);
			sourceTree = "<group>";
		};
		80D24D1922BA54DF0080D58A /* Products */ = {
			isa = PBXGroup;
			children = (
				80D24D1822BA54DF0080D58A /* MultiImagePicker.app */,
			);
			name = Products;
			sourceTree = "<group>";
		};
		80D24D1A22BA54DF0080D58A /* MultiImagePicker */ = {
			isa = PBXGroup;
			children = (
				80D24D3E22BA77CD0080D58A /* tickMark.png */,
				80D24D1B22BA54DF0080D58A /* AppDelegate.swift */,
				80D24D2F22BA5D050080D58A /* AlbumListTableViewController.swift */,
				80D24D3422BA5D940080D58A /* AssetGridViewController.swift */,
				80D24D3622BA5DB90080D58A /* AssetViewController.swift */,
				80D24D3722BA5DB90080D58A /* GridViewCell.swift */,
				80D24D2D22BA5B510080D58A /* Main.storyboard */,
				80D24D2222BA54E30080D58A /* Assets.xcassets */,
				80D24D2422BA54E30080D58A /* LaunchScreen.storyboard */,
				80D24D2722BA54E30080D58A /* Info.plist */,
			);
			path = MultiImagePicker;
			sourceTree = "<group>";
		};
		80D24D3122BA5D260080D58A /* Frameworks */ = {
			isa = PBXGroup;
			children = (
				80D24D3222BA5D260080D58A /* Photos.framework */,
			);
			name = Frameworks;
			sourceTree = "<group>";
		};
/* End PBXGroup section */

/* Begin PBXNativeTarget section */
		80D24D1722BA54DF0080D58A /* MultiImagePicker */ = {
			isa = PBXNativeTarget;
			buildConfigurationList = 80D24D2A22BA54E30080D58A /* Build configuration list for PBXNativeTarget "MultiImagePicker" */;
			buildPhases = (
				80D24D1422BA54DF0080D58A /* Sources */,
				80D24D1522BA54DF0080D58A /* Frameworks */,
				80D24D1622BA54DF0080D58A /* Resources */,
			);
			buildRules = (
			);
			dependencies = (
			);
			name = MultiImagePicker;
			productName = MultiImagePicker;
			productReference = 80D24D1822BA54DF0080D58A /* MultiImagePicker.app */;
			productType = "com.apple.product-type.application";
		};
/* End PBXNativeTarget section */

/* Begin PBXProject section */
		80D24D1022BA54DF0080D58A /* Project object */ = {
			isa = PBXProject;
			attributes = {
				LastSwiftUpdateCheck = 1020;
				LastUpgradeCheck = 1020;
				ORGANIZATIONNAME = "Nouman Pervez";
				TargetAttributes = {
					80D24D1722BA54DF0080D58A = {
						CreatedOnToolsVersion = 10.2.1;
					};
				};
			};
			buildConfigurationList = 80D24D1322BA54DF0080D58A /* Build configuration list for PBXProject "MultiImagePicker" */;
			compatibilityVersion = "Xcode 9.3";
			developmentRegion = en;
			hasScannedForEncodings = 0;
			knownRegions = (
				en,
				Base,
			);
			mainGroup = 80D24D0F22BA54DF0080D58A;
			productRefGroup = 80D24D1922BA54DF0080D58A /* Products */;
			projectDirPath = "";
			projectRoot = "";
			targets = (
				80D24D1722BA54DF0080D58A /* MultiImagePicker */,
			);
		};
/* End PBXProject section */

/* Begin PBXResourcesBuildPhase section */
		80D24D1622BA54DF0080D58A /* Resources */ = {
			isa = PBXResourcesBuildPhase;
			buildActionMask = 2147483647;
			files = (
				80D24D2E22BA5B510080D58A /* Main.storyboard in Resources */,
				80D24D3F22BA77CD0080D58A /* tickMark.png in Resources */,
				80D24D2622BA54E30080D58A /* LaunchScreen.storyboard in Resources */,
				80D24D2322BA54E30080D58A /* Assets.xcassets in Resources */,
			);
			runOnlyForDeploymentPostprocessing = 0;
		};
/* End PBXResourcesBuildPhase section */

/* Begin PBXSourcesBuildPhase section */
		80D24D1422BA54DF0080D58A /* Sources */ = {
			isa = PBXSourcesBuildPhase;
			buildActionMask = 2147483647;
			files = (
				80D24D3522BA5D940080D58A /* AssetGridViewController.swift in Sources */,
				80D24D3922BA5DB90080D58A /* GridViewCell.swift in Sources */,
				80D24D1C22BA54DF0080D58A /* AppDelegate.swift in Sources */,
				80D24D3022BA5D050080D58A /* AlbumListTableViewController.swift in Sources */,
				80D24D3822BA5DB90080D58A /* AssetViewController.swift in Sources */,
			);
			runOnlyForDeploymentPostprocessing = 0;
		};
/* End PBXSourcesBuildPhase section */

/* Begin PBXVariantGroup section */
		80D24D2422BA54E30080D58A /* LaunchScreen.storyboard */ = {
			isa = PBXVariantGroup;
			children = (
				80D24D2522BA54E30080D58A /* Base */,
			);
			name = LaunchScreen.storyboard;
			sourceTree = "<group>";
		};
/* End PBXVariantGroup section */

/* Begin XCBuildConfiguration section */
		80D24D2822BA54E30080D58A /* Debug */ = {
			isa = XCBuildConfiguration;
			buildSettings = {
				ALWAYS_SEARCH_USER_PATHS = NO;
				CLANG_ANALYZER_NONNULL = YES;
				CLANG_ANALYZER_NUMBER_OBJECT_CONVERSION = YES_AGGRESSIVE;
				CLANG_CXX_LANGUAGE_STANDARD = "gnu++14";
				CLANG_CXX_LIBRARY = "libc++";
				CLANG_ENABLE_MODULES = YES;
				CLANG_ENABLE_OBJC_ARC = YES;
				CLANG_ENABLE_OBJC_WEAK = YES;
				CLANG_WARN_BLOCK_CAPTURE_AUTORELEASING = YES;
				CLANG_WARN_BOOL_CONVERSION = YES;
				CLANG_WARN_COMMA = YES;
				CLANG_WARN_CONSTANT_CONVERSION = YES;
				CLANG_WARN_DEPRECATED_OBJC_IMPLEMENTATIONS = YES;
				CLANG_WARN_DIRECT_OBJC_ISA_USAGE = YES_ERROR;
				CLANG_WARN_DOCUMENTATION_COMMENTS = YES;
				CLANG_WARN_EMPTY_BODY = YES;
				CLANG_WARN_ENUM_CONVERSION = YES;
				CLANG_WARN_INFINITE_RECURSION = YES;
				CLANG_WARN_INT_CONVERSION = YES;
				CLANG_WARN_NON_LITERAL_NULL_CONVERSION = YES;
				CLANG_WARN_OBJC_IMPLICIT_RETAIN_SELF = YES;
				CLANG_WARN_OBJC_LITERAL_CONVERSION = YES;
				CLANG_WARN_OBJC_ROOT_CLASS = YES_ERROR;
				CLANG_WARN_RANGE_LOOP_ANALYSIS = YES;
				CLANG_WARN_STRICT_PROTOTYPES = YES;
				CLANG_WARN_SUSPICIOUS_MOVE = YES;
				CLANG_WARN_UNGUARDED_AVAILABILITY = YES_AGGRESSIVE;
				CLANG_WARN_UNREACHABLE_CODE = YES;
				CLANG_WARN__DUPLICATE_METHOD_MATCH = YES;
				CODE_SIGN_IDENTITY = "iPhone Developer";
				COPY_PHASE_STRIP = NO;
				DEBUG_INFORMATION_FORMAT = dwarf;
				ENABLE_STRICT_OBJC_MSGSEND = YES;
				ENABLE_TESTABILITY = YES;
				GCC_C_LANGUAGE_STANDARD = gnu11;
				GCC_DYNAMIC_NO_PIC = NO;
				GCC_NO_COMMON_BLOCKS = YES;
				GCC_OPTIMIZATION_LEVEL = 0;
				GCC_PREPROCESSOR_DEFINITIONS = (
					"DEBUG=1",
					"$(inherited)",
				);
				GCC_WARN_64_TO_32_BIT_CONVERSION = YES;
				GCC_WARN_ABOUT_RETURN_TYPE = YES_ERROR;
				GCC_WARN_UNDECLARED_SELECTOR = YES;
				GCC_WARN_UNINITIALIZED_AUTOS = YES_AGGRESSIVE;
				GCC_WARN_UNUSED_FUNCTION = YES;
				GCC_WARN_UNUSED_VARIABLE = YES;
				IPHONEOS_DEPLOYMENT_TARGET = 12.2;
				MTL_ENABLE_DEBUG_INFO = INCLUDE_SOURCE;
				MTL_FAST_MATH = YES;
				ONLY_ACTIVE_ARCH = YES;
				SDKROOT = iphoneos;
				SWIFT_ACTIVE_COMPILATION_CONDITIONS = DEBUG;
				SWIFT_OPTIMIZATION_LEVEL = "-Onone";
			};
			name = Debug;
		};
		80D24D2922BA54E30080D58A /* Release */ = {
			isa = XCBuildConfiguration;
			buildSettings = {
				ALWAYS_SEARCH_USER_PATHS = NO;
				CLANG_ANALYZER_NONNULL = YES;
				CLANG_ANALYZER_NUMBER_OBJECT_CONVERSION = YES_AGGRESSIVE;
				CLANG_CXX_LANGUAGE_STANDARD = "gnu++14";
				CLANG_CXX_LIBRARY = "libc++";
				CLANG_ENABLE_MODULES = YES;
				CLANG_ENABLE_OBJC_ARC = YES;
				CLANG_ENABLE_OBJC_WEAK = YES;
				CLANG_WARN_BLOCK_CAPTURE_AUTORELEASING = YES;
				CLANG_WARN_BOOL_CONVERSION = YES;
				CLANG_WARN_COMMA = YES;
				CLANG_WARN_CONSTANT_CONVERSION = YES;
				CLANG_WARN_DEPRECATED_OBJC_IMPLEMENTATIONS = YES;
				CLANG_WARN_DIRECT_OBJC_ISA_USAGE = YES_ERROR;
				CLANG_WARN_DOCUMENTATION_COMMENTS = YES;
				CLANG_WARN_EMPTY_BODY = YES;
				CLANG_WARN_ENUM_CONVERSION = YES;
				CLANG_WARN_INFINITE_RECURSION = YES;
				CLANG_WARN_INT_CONVERSION = YES;
				CLANG_WARN_NON_LITERAL_NULL_CONVERSION = YES;
				CLANG_WARN_OBJC_IMPLICIT_RETAIN_SELF = YES;
				CLANG_WARN_OBJC_LITERAL_CONVERSION = YES;
				CLANG_WARN_OBJC_ROOT_CLASS = YES_ERROR;
				CLANG_WARN_RANGE_LOOP_ANALYSIS = YES;
				CLANG_WARN_STRICT_PROTOTYPES = YES;
				CLANG_WARN_SUSPICIOUS_MOVE = YES;
				CLANG_WARN_UNGUARDED_AVAILABILITY = YES_AGGRESSIVE;
				CLANG_WARN_UNREACHABLE_CODE = YES;
				CLANG_WARN__DUPLICATE_METHOD_MATCH = YES;
				CODE_SIGN_IDENTITY = "iPhone Developer";
				COPY_PHASE_STRIP = NO;
				DEBUG_INFORMATION_FORMAT = "dwarf-with-dsym";
				ENABLE_NS_ASSERTIONS = NO;
				ENABLE_STRICT_OBJC_MSGSEND = YES;
				GCC_C_LANGUAGE_STANDARD = gnu11;
				GCC_NO_COMMON_BLOCKS = YES;
				GCC_WARN_64_TO_32_BIT_CONVERSION = YES;
				GCC_WARN_ABOUT_RETURN_TYPE = YES_ERROR;
				GCC_WARN_UNDECLARED_SELECTOR = YES;
				GCC_WARN_UNINITIALIZED_AUTOS = YES_AGGRESSIVE;
				GCC_WARN_UNUSED_FUNCTION = YES;
				GCC_WARN_UNUSED_VARIABLE = YES;
				IPHONEOS_DEPLOYMENT_TARGET = 12.2;
				MTL_ENABLE_DEBUG_INFO = NO;
				MTL_FAST_MATH = YES;
				SDKROOT = iphoneos;
				SWIFT_COMPILATION_MODE = wholemodule;
				SWIFT_OPTIMIZATION_LEVEL = "-O";
				VALIDATE_PRODUCT = YES;
			};
			name = Release;
		};
		80D24D2B22BA54E30080D58A /* Debug */ = {
			isa = XCBuildConfiguration;
			buildSettings = {
				ASSETCATALOG_COMPILER_APPICON_NAME = AppIcon;
				CODE_SIGN_STYLE = Manual;
				DEVELOPMENT_TEAM = 58276BW4M9;
				INFOPLIST_FILE = MultiImagePicker/Info.plist;
				IPHONEOS_DEPLOYMENT_TARGET = 12.0;
				LD_RUNPATH_SEARCH_PATHS = (
					"$(inherited)",
					"@executable_path/Frameworks",
				);
				PRODUCT_BUNDLE_IDENTIFIER = Nouman.MultiImagePicker;
				PRODUCT_NAME = "$(TARGET_NAME)";
				PROVISIONING_PROFILE_SPECIFIER = SwordPPDeFiles;
				SWIFT_VERSION = 4.2;
				TARGETED_DEVICE_FAMILY = "1,2";
			};
			name = Debug;
		};
		80D24D2C22BA54E30080D58A /* Release */ = {
			isa = XCBuildConfiguration;
			buildSettings = {
				ASSETCATALOG_COMPILER_APPICON_NAME = AppIcon;
				CODE_SIGN_STYLE = Manual;
				DEVELOPMENT_TEAM = "";
				INFOPLIST_FILE = MultiImagePicker/Info.plist;
				IPHONEOS_DEPLOYMENT_TARGET = 12.0;
				LD_RUNPATH_SEARCH_PATHS = (
					"$(inherited)",
					"@executable_path/Frameworks",
				);
				PRODUCT_BUNDLE_IDENTIFIER = Nouman.MultiImagePicker;
				PRODUCT_NAME = "$(TARGET_NAME)";
				PROVISIONING_PROFILE_SPECIFIER = "";
				SWIFT_VERSION = 4.2;
				TARGETED_DEVICE_FAMILY = "1,2";
			};
			name = Release;
		};
/* End XCBuildConfiguration section */

/* Begin XCConfigurationList section */
		80D24D1322BA54DF0080D58A /* Build configuration list for PBXProject "MultiImagePicker" */ = {
			isa = XCConfigurationList;
			buildConfigurations = (
				80D24D2822BA54E30080D58A /* Debug */,
				80D24D2922BA54E30080D58A /* Release */,
			);
			defaultConfigurationIsVisible = 0;
			defaultConfigurationName = Release;
		};
		80D24D2A22BA54E30080D58A /* Build configuration list for PBXNativeTarget "MultiImagePicker" */ = {
			isa = XCConfigurationList;
			buildConfigurations = (
				80D24D2B22BA54E30080D58A /* Debug */,
				80D24D2C22BA54E30080D58A /* Release */,
			);
			defaultConfigurationIsVisible = 0;
			defaultConfigurationName = Release;
		};
/* End XCConfigurationList section */
	};
	rootObject = 80D24D1022BA54DF0080D58A /* Project object */;
}
